{
  "name": "blog",
  "version": "1.0.0",
  "lockfileVersion": 1,
  "requires": true,
  "dependencies": {
    "marked": {
      "version": "0.3.9",
      "resolved": "https://registry.npmjs.org/marked/-/marked-0.3.9.tgz",
      "integrity": "sha512-nW5u0dxpXxHfkHzzrveY45gCbi+R4PaO4WRZYqZNl+vB0hVGeqlFn0aOg1c8AKL63TrNFn9Bm2UP4AdiZ9TPLw==",
      "dev": true
    },
    "prettier": {
      "version": "1.9.2",
      "resolved": "https://registry.npmjs.org/prettier/-/prettier-1.9.2.tgz",
      "integrity": "sha512-piXx9N2WT8hWb7PBbX1glAuJVIkEyUV9F5fMXFINpZ0x3otVOFKKeGmeuiclFJlP/UrgTckyV606VjH2rNK4bw==",
      "dev": true
    }
  }
}
